<?xml version="1.0" encoding="UTF-8" standalone="yes" ?>
<CodeBlocks_project_file>
	<FileVersion major="1" minor="6" />
	<Project>
		<Option title="lab9project" />
		<Option pch_mode="2" />
		<Option compiler="gcc" />
		<Build>
			<Target title="Debug">
				<Option output="bin/Debug/lab9project" prefix_auto="1" extension_auto="1" />
				<Option object_output="obj/Debug/" />
				<Option type="1" />
				<Option compiler="gcc" />
				<Compiler>
					<Add option="-g" />
				</Compiler>
			</Target>
			<Target title="Release">
				<Option output="bin/Release/lab9project" prefix_auto="1" extension_auto="1" />
				<Option object_output="obj/Release/" />
				<Option type="1" />
				<Option compiler="gcc" />
				<Compiler>
					<Add option="-O2" />
				</Compiler>
				<Linker>
					<Add option="-s" />
				</Linker>
			</Target>
		</Build>
		<Compiler>
			<Add option="-Wall" />
			<Add option="-fexceptions" />
		</Compiler>
		<Unit filename="Lab9Structures.cpp" />
		<Unit filename="Lab9Structures.h" />
		<Unit filename="MatrixIOFunctions.cpp" />
		<Unit filename="MatrixIOFunctions.h" />
		<Unit filename="PointCloudData.txt" />
		<Unit filename="Seeds1.txt" />
		<Unit filename="Seeds2.txt" />
		<Unit filename="Seeds3.txt" />
		<Unit filename="Seeds4.txt" />
		<Unit filename="Seeds5.txt" />
		<Unit filename="Seeds6.txt" />
		<Unit filename="TestAlgorithm1.txt" />
		<Unit filename="TestAlgorithm2.txt" />
		<Unit filename="algorithm.h" />
		<Unit filename="algorithm1.cpp" />
		<Unit filename="algorithm2.cpp" />
		<Unit filename="lab9project.cbp" />
		<Unit filename="lab9project.depend" />
		<Unit filename="lab9project.layout" />
		<Unit filename="main.cpp" />
		<Extensions>
			<lib_finder disable_auto="1" />
		</Extensions>
	</Project>
</CodeBlocks_project_file>
